uuid: 8c892971-1f17-430f-9710-6e608ed1e11e
langcode: en-gb
status: true
dependencies:
  module:
    - cab_booking
  theme:
    - olivero
id: olivero_cabbookingblock
theme: olivero
region: content
weight: 0
provider: null
plugin: cab_booking_block
settings:
  id: cab_booking_block
  label: 'Cab Booking Block'
  label_display: '0'
  provider: cab_booking
visibility: {  }
